{
  "nodes": {
    "desktop-manager": {
      "inputs": {
        "nixpkgs": "nixpkgs"
      },
      "locked": {
        "lastModified": 1767647314,
        "narHash": "sha256-eG70Q0xM0ANcr6OK9rtdxBF6zU3qXcKqK1NgOKOC2rk=",
        "owner": "arabbitplays",
        "repo": "Desktop-Manager",
        "rev": "0404ab74e730bbdddeeceb30d308c4c7c6028f43",
        "type": "github"
      },
      "original": {
        "owner": "arabbitplays",
        "repo": "Desktop-Manager",
        "type": "github"
      }
    },
    "desktop-manager-cli": {
      "inputs": {
        "nixpkgs": "nixpkgs_2"
      },
      "locked": {
        "lastModified": 1767647131,
        "narHash": "sha256-3IbO7rQcFQVvt/ewgMZfPJqk6X87wr6Jbvmr2iJWYGw=",
        "owner": "arabbitplays",
        "repo": "Desktop-Manager-CLI",
        "rev": "87d328c289723ca8fa580aedf4ad51f25d85fa71",
        "type": "github"
      },
      "original": {
        "owner": "arabbitplays",
        "repo": "Desktop-Manager-CLI",
        "type": "github"
      }
    },
    "nixCats": {
      "locked": {
        "lastModified": 1767159145,
        "narHash": "sha256-rnx/0p6D7rKd7mjtgsdSZjpkutJMzUaVyo2mj0rmjWQ=",
        "owner": "BirdeeHub",
        "repo": "nixCats-nvim",
        "rev": "479ab18fbeabaf87564d3fb0eaf99ebebb05f2f8",
        "type": "github"
      },
      "original": {
        "owner": "BirdeeHub",
        "repo": "nixCats-nvim",
        "type": "github"
      }
    },
    "nixpkgs": {
      "locked": {
        "lastModified": 1767480499,
        "narHash": "sha256-8IQQUorUGiSmFaPnLSo2+T+rjHtiNWc+OAzeHck7N48=",
        "owner": "NixOS",
        "repo": "nixpkgs",
        "rev": "30a3c519afcf3f99e2c6df3b359aec5692054d92",
        "type": "github"
      },
      "original": {
        "owner": "NixOS",
        "ref": "nixos-25.11",
        "repo": "nixpkgs",
        "type": "github"
      }
    },
    "nixpkgs_2": {
      "locked": {
        "lastModified": 1767480499,
        "narHash": "sha256-8IQQUorUGiSmFaPnLSo2+T+rjHtiNWc+OAzeHck7N48=",
        "owner": "NixOS",
        "repo": "nixpkgs",
        "rev": "30a3c519afcf3f99e2c6df3b359aec5692054d92",
        "type": "github"
      },
      "original": {
        "owner": "NixOS",
        "ref": "nixos-25.11",
        "repo": "nixpkgs",
        "type": "github"
      }
    },
    "nixpkgs_3": {
      "locked": {
        "lastModified": 1767480499,
        "narHash": "sha256-8IQQUorUGiSmFaPnLSo2+T+rjHtiNWc+OAzeHck7N48=",
        "owner": "nixos",
        "repo": "nixpkgs",
        "rev": "30a3c519afcf3f99e2c6df3b359aec5692054d92",
        "type": "github"
      },
      "original": {
        "owner": "nixos",
        "ref": "nixos-25.11",
        "repo": "nixpkgs",
        "type": "github"
      }
    },
    "root": {
      "inputs": {
        "desktop-manager": "desktop-manager",
        "desktop-manager-cli": "desktop-manager-cli",
        "nixCats": "nixCats",
        "nixpkgs": "nixpkgs_3"
      }
    }
  },
  "root": "root",
  "version": 7
}
